// !$*UTF8*$!
{
	archiveVersion = 1;
	classes = {
	};
	objectVersion = 50;
	objects = {

/* Begin PBXBuildFile section */
		8B135A7B26180BA9004B0952 /* AppDelegate.m in Sources */ = {isa = PBXBuildFile; fileRef = 8B135A7A26180BA9004B0952 /* AppDelegate.m */; };
		8B135A7E26180BA9004B0952 /* ViewController.m in Sources */ = {isa = PBXBuildFile; fileRef = 8B135A7D26180BA9004B0952 /* ViewController.m */; };
		8B135A8126180BA9004B0952 /* Main.storyboard in Resources */ = {isa = PBXBuildFile; fileRef = 8B135A7F26180BA9004B0952 /* Main.storyboard */; };
		8B135A8326180BAD004B0952 /* Assets.xcassets in Resources */ = {isa = PBXBuildFile; fileRef = 8B135A8226180BAD004B0952 /* Assets.xcassets */; };
		8B135A8626180BAD004B0952 /* LaunchScreen.storyboard in Resources */ = {isa = PBXBuildFile; fileRef = 8B135A8426180BAD004B0952 /* LaunchScreen.storyboard */; };
		8B135A8926180BAD004B0952 /* main.m in Sources */ = {isa = PBXBuildFile; fileRef = 8B135A8826180BAD004B0952 /* main.m */; };
/* End PBXBuildFile section */

/* Begin PBXFileReference section */
		8B135A7626180BA9004B0952 /* ZYHD.app */ = {isa = PBXFileReference; explicitFileType = wrapper.application; includeInIndex = 0; path = ZYHD.app; sourceTree = BUILT_PRODUCTS_DIR; };
		8B135A7926180BA9004B0952 /* AppDelegate.h */ = {isa = PBXFileReference; lastKnownFileType = sourcecode.c.h; path = AppDelegate.h; sourceTree = "<group>"; };
		8B135A7A26180BA9004B0952 /* AppDelegate.m */ = {isa = PBXFileReference; lastKnownFileType = sourcecode.c.objc; path = AppDelegate.m; sourceTree = "<group>"; };
		8B135A7C26180BA9004B0952 /* ViewController.h */ = {isa = PBXFileReference; lastKnownFileType = sourcecode.c.h; path = ViewController.h; sourceTree = "<group>"; };
		8B135A7D26180BA9004B0952 /* ViewController.m */ = {isa = PBXFileReference; lastKnownFileType = sourcecode.c.objc; path = ViewController.m; sourceTree = "<group>"; };
		8B135A8026180BA9004B0952 /* Base */ = {isa = PBXFileReference; lastKnownFileType = file.storyboard; name = Base; path = Base.lproj/Main.storyboard; sourceTree = "<group>"; };
		8B135A8226180BAD004B0952 /* Assets.xcassets */ = {isa = PBXFileReference; lastKnownFileType = folder.assetcatalog; path = Assets.xcassets; sourceTree = "<group>"; };
		8B135A8526180BAD004B0952 /* Base */ = {isa = PBXFileReference; lastKnownFileType = file.storyboard; name = Base; path = Base.lproj/LaunchScreen.storyboard; sourceTree = "<group>"; };
		8B135A8726180BAD004B0952 /* Info.plist */ = {isa = PBXFileReference; lastKnownFileType = text.plist.xml; path = Info.plist; sourceTree = "<group>"; };
		8B135A8826180BAD004B0952 /* main.m */ = {isa = PBXFileReference; lastKnownFileType = sourcecode.c.objc; path = main.m; sourceTree = "<group>"; };
/* End PBXFileReference section */

/* Begin PBXFrameworksBuildPhase section */
		8B135A7326180BA9004B0952 /* Frameworks */ = {
			isa = PBXFrameworksBuildPhase;
			buildActionMask = 2147483647;
			files = (
			);
			runOnlyForDeploymentPostprocessing = 0;
		};
/* End PBXFrameworksBuildPhase section */

/* Begin PBXGroup section */
		8B135A6D26180BA9004B0952 = {
			isa = PBXGroup;
			children = (
				8B135A7826180BA9004B0952 /* ZYHD */,
				8B135A7726180BA9004B0952 /* Products */,
			);
			sourceTree = "<group>";
		};
		8B135A7726180BA9004B0952 /* Products */ = {
			isa = PBXGroup;
			children = (
				8B135A7626180BA9004B0952 /* ZYHD.app */,
			);
			name = Products;
			sourceTree = "<group>";
		};
		8B135A7826180BA9004B0952 /* ZYHD */ = {
			isa = PBXGroup;
			children = (
				8B135A7926180BA9004B0952 /* AppDelegate.h */,
				8B135A7A26180BA9004B0952 /* AppDelegate.m */,
				8B135A7C26180BA9004B0952 /* ViewController.h */,
				8B135A7D26180BA9004B0952 /* ViewController.m */,
				8B135A7F26180BA9004B0952 /* Main.storyboard */,
				8B135A8226180BAD004B0952 /* Assets.xcassets */,
				8B135A8426180BAD004B0952 /* LaunchScreen.storyboard */,
				8B135A8726180BAD004B0952 /* Info.plist */,
				8B135A8826180BAD004B0952 /* main.m */,
			);
			path = ZYHD;
			sourceTree = "<group>";
		};
/* End PBXGroup section */

/* Begin PBXNativeTarget section */
		8B135A7526180BA9004B0952 /* ZYHD */ = {
			isa = PBXNativeTarget;
			buildConfigurationList = 8B135A8C26180BAD004B0952 /* Build configuration list for PBXNativeTarget "ZYHD" */;
			buildPhases = (
				8B135A7226180BA9004B0952 /* Sources */,
				8B135A7326180BA9004B0952 /* Frameworks */,
				8B135A7426180BA9004B0952 /* Resources */,
			);
			buildRules = (
			);
			dependencies = (
			);
			name = ZYHD;
			productName = ZYHD;
			productReference = 8B135A7626180BA9004B0952 /* ZYHD.app */;
			productType = "com.apple.product-type.application";
		};
/* End PBXNativeTarget section */

/* Begin PBXProject section */
		8B135A6E26180BA9004B0952 /* Project object */ = {
			isa = PBXProject;
			attributes = {
				LastUpgradeCheck = 1010;
				ORGANIZATIONNAME = "赵勇";
				TargetAttributes = {
					8B135A7526180BA9004B0952 = {
						CreatedOnToolsVersion = 10.1;
					};
				};
			};
			buildConfigurationList = 8B135A7126180BA9004B0952 /* Build configuration list for PBXProject "ZYHD" */;
			compatibilityVersion = "Xcode 9.3";
			developmentRegion = en;
			hasScannedForEncodings = 0;
			knownRegions = (
				en,
				Base,
			);
			mainGroup = 8B135A6D26180BA9004B0952;
			productRefGroup = 8B135A7726180BA9004B0952 /* Products */;
			projectDirPath = "";
			projectRoot = "";
			targets = (
				8B135A7526180BA9004B0952 /* ZYHD */,
			);
		};
/* End PBXProject section */

/* Begin PBXResourcesBuildPhase section */
		8B135A7426180BA9004B0952 /* Resources */ = {
			isa = PBXResourcesBuildPhase;
			buildActionMask = 2147483647;
			files = (
				8B135A8626180BAD004B0952 /* LaunchScreen.storyboard in Resources */,
				8B135A8326180BAD004B0952 /* Assets.xcassets in Resources */,
				8B135A8126180BA9004B0952 /* Main.storyboard in Resources */,
			);
			runOnlyForDeploymentPostprocessing = 0;
		};
/* End PBXResourcesBuildPhase section */

/* Begin PBXSourcesBuildPhase section */
		8B135A7226180BA9004B0952 /* Sources */ = {
			isa = PBXSourcesBuildPhase;
			buildActionMask = 2147483647;
			files = (
				8B135A7E26180BA9004B0952 /* ViewController.m in Sources */,
				8B135A8926180BAD004B0952 /* main.m in Sources */,
				8B135A7B26180BA9004B0952 /* AppDelegate.m in Sources */,
			);
			runOnlyForDeploymentPostprocessing = 0;
		};
/* End PBXSourcesBuildPhase section */

/* Begin PBXVariantGroup section */
		8B135A7F26180BA9004B0952 /* Main.storyboard */ = {
			isa = PBXVariantGroup;
			children = (
				8B135A8026180BA9004B0952 /* Base */,
			);
			name = Main.storyboard;
			sourceTree = "<group>";
		};
		8B135A8426180BAD004B0952 /* LaunchScreen.storyboard */ = {
			isa = PBXVariantGroup;
			children = (
				8B135A8526180BAD004B0952 /* Base */,
			);
			name = LaunchScreen.storyboard;
			sourceTree = "<group>";
		};
/* End PBXVariantGroup section */

/* Begin XCBuildConfiguration section */
		8B135A8A26180BAD004B0952 /* Debug */ = {
			isa = XCBuildConfiguration;
			buildSettings = {
				ALWAYS_SEARCH_USER_PATHS = NO;
				CLANG_ANALYZER_NONNULL = YES;
				CLANG_ANALYZER_NUMBER_OBJECT_CONVERSION = YES_AGGRESSIVE;
				CLANG_CXX_LANGUAGE_STANDARD = "gnu++14";
				CLANG_CXX_LIBRARY = "libc++";
				CLANG_ENABLE_MODULES = YES;
				CLANG_ENABLE_OBJC_ARC = YES;
				CLANG_ENABLE_OBJC_WEAK = YES;
				CLANG_WARN_BLOCK_CAPTURE_AUTORELEASING = YES;
				CLANG_WARN_BOOL_CONVERSION = YES;
				CLANG_WARN_COMMA = YES;
				CLANG_WARN_CONSTANT_CONVERSION = YES;
				CLANG_WARN_DEPRECATED_OBJC_IMPLEMENTATIONS = YES;
				CLANG_WARN_DIRECT_OBJC_ISA_USAGE = YES_ERROR;
				CLANG_WARN_DOCUMENTATION_COMMENTS = YES;
				CLANG_WARN_EMPTY_BODY = YES;
				CLANG_WARN_ENUM_CONVERSION = YES;
				CLANG_WARN_INFINITE_RECURSION = YES;
				CLANG_WARN_INT_CONVERSION = YES;
				CLANG_WARN_NON_LITERAL_NULL_CONVERSION = YES;
				CLANG_WARN_OBJC_IMPLICIT_RETAIN_SELF = YES;
				CLANG_WARN_OBJC_LITERAL_CONVERSION = YES;
				CLANG_WARN_OBJC_ROOT_CLASS = YES_ERROR;
				CLANG_WARN_RANGE_LOOP_ANALYSIS = YES;
				CLANG_WARN_STRICT_PROTOTYPES = YES;
				CLANG_WARN_SUSPICIOUS_MOVE = YES;
				CLANG_WARN_UNGUARDED_AVAILABILITY = YES_AGGRESSIVE;
				CLANG_WARN_UNREACHABLE_CODE = YES;
				CLANG_WARN__DUPLICATE_METHOD_MATCH = YES;
				CODE_SIGN_IDENTITY = "iPhone Developer";
				COPY_PHASE_STRIP = NO;
				DEBUG_INFORMATION_FORMAT = dwarf;
				ENABLE_STRICT_OBJC_MSGSEND = YES;
				ENABLE_TESTABILITY = YES;
				GCC_C_LANGUAGE_STANDARD = gnu11;
				GCC_DYNAMIC_NO_PIC = NO;
				GCC_NO_COMMON_BLOCKS = YES;
				GCC_OPTIMIZATION_LEVEL = 0;
				GCC_PREPROCESSOR_DEFINITIONS = (
					"DEBUG=1",
					"$(inherited)",
				);
				GCC_WARN_64_TO_32_BIT_CONVERSION = YES;
				GCC_WARN_ABOUT_RETURN_TYPE = YES_ERROR;
				GCC_WARN_UNDECLARED_SELECTOR = YES;
				GCC_WARN_UNINITIALIZED_AUTOS = YES_AGGRESSIVE;
				GCC_WARN_UNUSED_FUNCTION = YES;
				GCC_WARN_UNUSED_VARIABLE = YES;
				IPHONEOS_DEPLOYMENT_TARGET = 12.1;
				MTL_ENABLE_DEBUG_INFO = INCLUDE_SOURCE;
				MTL_FAST_MATH = YES;
				ONLY_ACTIVE_ARCH = YES;
				SDKROOT = iphoneos;
			};
			name = Debug;
		};
		8B135A8B26180BAD004B0952 /* Release */ = {
			isa = XCBuildConfiguration;
			buildSettings = {
				ALWAYS_SEARCH_USER_PATHS = NO;
				CLANG_ANALYZER_NONNULL = YES;
				CLANG_ANALYZER_NUMBER_OBJECT_CONVERSION = YES_AGGRESSIVE;
				CLANG_CXX_LANGUAGE_STANDARD = "gnu++14";
				CLANG_CXX_LIBRARY = "libc++";
				CLANG_ENABLE_MODULES = YES;
				CLANG_ENABLE_OBJC_ARC = YES;
				CLANG_ENABLE_OBJC_WEAK = YES;
				CLANG_WARN_BLOCK_CAPTURE_AUTORELEASING = YES;
				CLANG_WARN_BOOL_CONVERSION = YES;
				CLANG_WARN_COMMA = YES;
				CLANG_WARN_CONSTANT_CONVERSION = YES;
				CLANG_WARN_DEPRECATED_OBJC_IMPLEMENTATIONS = YES;
				CLANG_WARN_DIRECT_OBJC_ISA_USAGE = YES_ERROR;
				CLANG_WARN_DOCUMENTATION_COMMENTS = YES;
				CLANG_WARN_EMPTY_BODY = YES;
				CLANG_WARN_ENUM_CONVERSION = YES;
				CLANG_WARN_INFINITE_RECURSION = YES;
				CLANG_WARN_INT_CONVERSION = YES;
				CLANG_WARN_NON_LITERAL_NULL_CONVERSION = YES;
				CLANG_WARN_OBJC_IMPLICIT_RETAIN_SELF = YES;
				CLANG_WARN_OBJC_LITERAL_CONVERSION = YES;
				CLANG_WARN_OBJC_ROOT_CLASS = YES_ERROR;
				CLANG_WARN_RANGE_LOOP_ANALYSIS = YES;
				CLANG_WARN_STRICT_PROTOTYPES = YES;
				CLANG_WARN_SUSPICIOUS_MOVE = YES;
				CLANG_WARN_UNGUARDED_AVAILABILITY = YES_AGGRESSIVE;
				CLANG_WARN_UNREACHABLE_CODE = YES;
				CLANG_WARN__DUPLICATE_METHOD_MATCH = YES;
				CODE_SIGN_IDENTITY = "iPhone Developer";
				COPY_PHASE_STRIP = NO;
				DEBUG_INFORMATION_FORMAT = "dwarf-with-dsym";
				ENABLE_NS_ASSERTIONS = NO;
				ENABLE_STRICT_OBJC_MSGSEND = YES;
				GCC_C_LANGUAGE_STANDARD = gnu11;
				GCC_NO_COMMON_BLOCKS = YES;
				GCC_WARN_64_TO_32_BIT_CONVERSION = YES;
				GCC_WARN_ABOUT_RETURN_TYPE = YES_ERROR;
				GCC_WARN_UNDECLARED_SELECTOR = YES;
				GCC_WARN_UNINITIALIZED_AUTOS = YES_AGGRESSIVE;
				GCC_WARN_UNUSED_FUNCTION = YES;
				GCC_WARN_UNUSED_VARIABLE = YES;
				IPHONEOS_DEPLOYMENT_TARGET = 12.1;
				MTL_ENABLE_DEBUG_INFO = NO;
				MTL_FAST_MATH = YES;
				SDKROOT = iphoneos;
				VALIDATE_PRODUCT = YES;
			};
			name = Release;
		};
		8B135A8D26180BAD004B0952 /* Debug */ = {
			isa = XCBuildConfiguration;
			buildSettings = {
				ASSETCATALOG_COMPILER_APPICON_NAME = AppIcon;
				CODE_SIGN_STYLE = Automatic;
				INFOPLIST_FILE = ZYHD/Info.plist;
				LD_RUNPATH_SEARCH_PATHS = (
					"$(inherited)",
					"@executable_path/Frameworks",
				);
				PRODUCT_BUNDLE_IDENTIFIER = yong.ZYHD;
				PRODUCT_NAME = "$(TARGET_NAME)";
				TARGETED_DEVICE_FAMILY = "1,2";
			};
			name = Debug;
		};
		8B135A8E26180BAD004B0952 /* Release */ = {
			isa = XCBuildConfiguration;
			buildSettings = {
				ASSETCATALOG_COMPILER_APPICON_NAME = AppIcon;
				CODE_SIGN_STYLE = Automatic;
				INFOPLIST_FILE = ZYHD/Info.plist;
				LD_RUNPATH_SEARCH_PATHS = (
					"$(inherited)",
					"@executable_path/Frameworks",
				);
				PRODUCT_BUNDLE_IDENTIFIER = yong.ZYHD;
				PRODUCT_NAME = "$(TARGET_NAME)";
				TARGETED_DEVICE_FAMILY = "1,2";
			};
			name = Release;
		};
/* End XCBuildConfiguration section */

/* Begin XCConfigurationList section */
		8B135A7126180BA9004B0952 /* Build configuration list for PBXProject "ZYHD" */ = {
			isa = XCConfigurationList;
			buildConfigurations = (
				8B135A8A26180BAD004B0952 /* Debug */,
				8B135A8B26180BAD004B0952 /* Release */,
			);
			defaultConfigurationIsVisible = 0;
			defaultConfigurationName = Release;
		};
		8B135A8C26180BAD004B0952 /* Build configuration list for PBXNativeTarget "ZYHD" */ = {
			isa = XCConfigurationList;
			buildConfigurations = (
				8B135A8D26180BAD004B0952 /* Debug */,
				8B135A8E26180BAD004B0952 /* Release */,
			);
			defaultConfigurationIsVisible = 0;
			defaultConfigurationName = Release;
		};
/* End XCConfigurationList section */
	};
	rootObject = 8B135A6E26180BA9004B0952 /* Project object */;
}
